// !$*UTF8*$!
{
	archiveVersion = 1;
	classes = {
	};
	objectVersion = 46;
	objects = {

/* Begin PBXBuildFile section */
		597635641EA8806600D26A10 /* main.m in Sources */ = {isa = PBXBuildFile; fileRef = 597635631EA8806600D26A10 /* main.m */; };
		597635671EA8806600D26A10 /* AppDelegate.m in Sources */ = {isa = PBXBuildFile; fileRef = 597635661EA8806600D26A10 /* AppDelegate.m */; };
		5976356A1EA8806600D26A10 /* ViewController.m in Sources */ = {isa = PBXBuildFile; fileRef = 597635691EA8806600D26A10 /* ViewController.m */; };
		5976356D1EA8806600D26A10 /* Main.storyboard in Resources */ = {isa = PBXBuildFile; fileRef = 5976356B1EA8806600D26A10 /* Main.storyboard */; };
		5976356F1EA8806600D26A10 /* Assets.xcassets in Resources */ = {isa = PBXBuildFile; fileRef = 5976356E1EA8806600D26A10 /* Assets.xcassets */; };
		597635721EA8806600D26A10 /* LaunchScreen.storyboard in Resources */ = {isa = PBXBuildFile; fileRef = 597635701EA8806600D26A10 /* LaunchScreen.storyboard */; };
		5976357D1EA8806600D26A10 /* CorePlot__UITests.m in Sources */ = {isa = PBXBuildFile; fileRef = 5976357C1EA8806600D26A10 /* CorePlot__UITests.m */; };
		597635D41EA8807500D26A10 /* coreplot1.5.1.a in Frameworks */ = {isa = PBXBuildFile; fileRef = 597635881EA8807500D26A10 /* coreplot1.5.1.a */; };
/* End PBXBuildFile section */

/* Begin PBXContainerItemProxy section */
		597635791EA8806600D26A10 /* PBXContainerItemProxy */ = {
			isa = PBXContainerItemProxy;
			containerPortal = 597635571EA8806500D26A10 /* Project object */;
			proxyType = 1;
			remoteGlobalIDString = 5976355E1EA8806600D26A10;
			remoteInfo = "CorePlot画图";
		};
/* End PBXContainerItemProxy section */

/* Begin PBXFileReference section */
		5976355F1EA8806600D26A10 /* CorePlot画图.app */ = {isa = PBXFileReference; explicitFileType = wrapper.application; includeInIndex = 0; path = "CorePlot画图.app"; sourceTree = BUILT_PRODUCTS_DIR; };
		597635631EA8806600D26A10 /* main.m */ = {isa = PBXFileReference; lastKnownFileType = sourcecode.c.objc; path = main.m; sourceTree = "<group>"; };
		597635651EA8806600D26A10 /* AppDelegate.h */ = {isa = PBXFileReference; lastKnownFileType = sourcecode.c.h; path = AppDelegate.h; sourceTree = "<group>"; };
		597635661EA8806600D26A10 /* AppDelegate.m */ = {isa = PBXFileReference; lastKnownFileType = sourcecode.c.objc; path = AppDelegate.m; sourceTree = "<group>"; };
		597635681EA8806600D26A10 /* ViewController.h */ = {isa = PBXFileReference; lastKnownFileType = sourcecode.c.h; path = ViewController.h; sourceTree = "<group>"; };
		597635691EA8806600D26A10 /* ViewController.m */ = {isa = PBXFileReference; lastKnownFileType = sourcecode.c.objc; path = ViewController.m; sourceTree = "<group>"; };
		5976356C1EA8806600D26A10 /* Base */ = {isa = PBXFileReference; lastKnownFileType = file.storyboard; name = Base; path = Base.lproj/Main.storyboard; sourceTree = "<group>"; };
		5976356E1EA8806600D26A10 /* Assets.xcassets */ = {isa = PBXFileReference; lastKnownFileType = folder.assetcatalog; path = Assets.xcassets; sourceTree = "<group>"; };
		597635711EA8806600D26A10 /* Base */ = {isa = PBXFileReference; lastKnownFileType = file.storyboard; name = Base; path = Base.lproj/LaunchScreen.storyboard; sourceTree = "<group>"; };
		597635731EA8806600D26A10 /* Info.plist */ = {isa = PBXFileReference; lastKnownFileType = text.plist.xml; path = Info.plist; sourceTree = "<group>"; };
		597635781EA8806600D26A10 /* CorePlot画图UITests.xctest */ = {isa = PBXFileReference; explicitFileType = wrapper.cfbundle; includeInIndex = 0; path = "CorePlot画图UITests.xctest"; sourceTree = BUILT_PRODUCTS_DIR; };
		5976357C1EA8806600D26A10 /* CorePlot__UITests.m */ = {isa = PBXFileReference; lastKnownFileType = sourcecode.c.objc; path = CorePlot__UITests.m; sourceTree = "<group>"; };
		5976357E1EA8806600D26A10 /* Info.plist */ = {isa = PBXFileReference; lastKnownFileType = text.plist.xml; path = Info.plist; sourceTree = "<group>"; };
		597635881EA8807500D26A10 /* coreplot1.5.1.a */ = {isa = PBXFileReference; lastKnownFileType = archive.ar; path = coreplot1.5.1.a; sourceTree = "<group>"; };
		5976358A1EA8807500D26A10 /* CorePlot-CocoaTouch.h */ = {isa = PBXFileReference; fileEncoding = 4; lastKnownFileType = sourcecode.c.h; path = "CorePlot-CocoaTouch.h"; sourceTree = "<group>"; };
		5976358B1EA8807500D26A10 /* CPTAnnotation.h */ = {isa = PBXFileReference; fileEncoding = 4; lastKnownFileType = sourcecode.c.h; path = CPTAnnotation.h; sourceTree = "<group>"; };
		5976358C1EA8807500D26A10 /* CPTAnnotationHostLayer.h */ = {isa = PBXFileReference; fileEncoding = 4; lastKnownFileType = sourcecode.c.h; path = CPTAnnotationHostLayer.h; sourceTree = "<group>"; };
		5976358D1EA8807500D26A10 /* CPTAxis.h */ = {isa = PBXFileReference; fileEncoding = 4; lastKnownFileType = sourcecode.c.h; path = CPTAxis.h; sourceTree = "<group>"; };
		5976358E1EA8807500D26A10 /* CPTAxisLabel.h */ = {isa = PBXFileReference; fileEncoding = 4; lastKnownFileType = sourcecode.c.h; path = CPTAxisLabel.h; sourceTree = "<group>"; };
		5976358F1EA8807500D26A10 /* CPTAxisLabelGroup.h */ = {isa = PBXFileReference; fileEncoding = 4; lastKnownFileType = sourcecode.c.h; path = CPTAxisLabelGroup.h; sourceTree = "<group>"; };
		597635901EA8807500D26A10 /* CPTAxisSet.h */ = {isa = PBXFileReference; fileEncoding = 4; lastKnownFileType = sourcecode.c.h; path = CPTAxisSet.h; sourceTree = "<group>"; };
		597635911EA8807500D26A10 /* CPTAxisTitle.h */ = {isa = PBXFileReference; fileEncoding = 4; lastKnownFileType = sourcecode.c.h; path = CPTAxisTitle.h; sourceTree = "<group>"; };
		597635921EA8807500D26A10 /* CPTBarPlot.h */ = {isa = PBXFileReference; fileEncoding = 4; lastKnownFileType = sourcecode.c.h; path = CPTBarPlot.h; sourceTree = "<group>"; };
		597635931EA8807500D26A10 /* CPTBorderedLayer.h */ = {isa = PBXFileReference; fileEncoding = 4; lastKnownFileType = sourcecode.c.h; path = CPTBorderedLayer.h; sourceTree = "<group>"; };
		597635941EA8807500D26A10 /* CPTCalendarFormatter.h */ = {isa = PBXFileReference; fileEncoding = 4; lastKnownFileType = sourcecode.c.h; path = CPTCalendarFormatter.h; sourceTree = "<group>"; };
		597635951EA8807500D26A10 /* CPTColor.h */ = {isa = PBXFileReference; fileEncoding = 4; lastKnownFileType = sourcecode.c.h; path = CPTColor.h; sourceTree = "<group>"; };
		597635961EA8807500D26A10 /* CPTColorSpace.h */ = {isa = PBXFileReference; fileEncoding = 4; lastKnownFileType = sourcecode.c.h; path = CPTColorSpace.h; sourceTree = "<group>"; };
		597635971EA8807500D26A10 /* CPTConstraints.h */ = {isa = PBXFileReference; fileEncoding = 4; lastKnownFileType = sourcecode.c.h; path = CPTConstraints.h; sourceTree = "<group>"; };
		597635981EA8807500D26A10 /* CPTDataSourceTestCase.h */ = {isa = PBXFileReference; fileEncoding = 4; lastKnownFileType = sourcecode.c.h; path = CPTDataSourceTestCase.h; sourceTree = "<group>"; };
		597635991EA8807500D26A10 /* CPTDefinitions.h */ = {isa = PBXFileReference; fileEncoding = 4; lastKnownFileType = sourcecode.c.h; path = CPTDefinitions.h; sourceTree = "<group>"; };
		5976359A1EA8807500D26A10 /* CPTDerivedXYGraph.h */ = {isa = PBXFileReference; fileEncoding = 4; lastKnownFileType = sourcecode.c.h; path = CPTDerivedXYGraph.h; sourceTree = "<group>"; };
		5976359B1EA8807500D26A10 /* CPTExceptions.h */ = {isa = PBXFileReference; fileEncoding = 4; lastKnownFileType = sourcecode.c.h; path = CPTExceptions.h; sourceTree = "<group>"; };
		5976359C1EA8807500D26A10 /* CPTFill.h */ = {isa = PBXFileReference; fileEncoding = 4; lastKnownFileType = sourcecode.c.h; path = CPTFill.h; sourceTree = "<group>"; };
		5976359D1EA8807500D26A10 /* CPTGradient.h */ = {isa = PBXFileReference; fileEncoding = 4; lastKnownFileType = sourcecode.c.h; path = CPTGradient.h; sourceTree = "<group>"; };
		5976359E1EA8807500D26A10 /* CPTGraph.h */ = {isa = PBXFileReference; fileEncoding = 4; lastKnownFileType = sourcecode.c.h; path = CPTGraph.h; sourceTree = "<group>"; };
		5976359F1EA8807500D26A10 /* CPTGraphHostingView.h */ = {isa = PBXFileReference; fileEncoding = 4; lastKnownFileType = sourcecode.c.h; path = CPTGraphHostingView.h; sourceTree = "<group>"; };
		597635A01EA8807500D26A10 /* CPTGridLineGroup.h */ = {isa = PBXFileReference; fileEncoding = 4; lastKnownFileType = sourcecode.c.h; path = CPTGridLineGroup.h; sourceTree = "<group>"; };
		597635A11EA8807500D26A10 /* CPTGridLines.h */ = {isa = PBXFileReference; fileEncoding = 4; lastKnownFileType = sourcecode.c.h; path = CPTGridLines.h; sourceTree = "<group>"; };
		597635A21EA8807500D26A10 /* CPTImage.h */ = {isa = PBXFileReference; fileEncoding = 4; lastKnownFileType = sourcecode.c.h; path = CPTImage.h; sourceTree = "<group>"; };
		597635A31EA8807500D26A10 /* CPTLayer.h */ = {isa = PBXFileReference; fileEncoding = 4; lastKnownFileType = sourcecode.c.h; path = CPTLayer.h; sourceTree = "<group>"; };
		597635A41EA8807500D26A10 /* CPTLayerAnnotation.h */ = {isa = PBXFileReference; fileEncoding = 4; lastKnownFileType = sourcecode.c.h; path = CPTLayerAnnotation.h; sourceTree = "<group>"; };
		597635A51EA8807500D26A10 /* CPTLegend.h */ = {isa = PBXFileReference; fileEncoding = 4; lastKnownFileType = sourcecode.c.h; path = CPTLegend.h; sourceTree = "<group>"; };
		597635A61EA8807500D26A10 /* CPTLegendEntry.h */ = {isa = PBXFileReference; fileEncoding = 4; lastKnownFileType = sourcecode.c.h; path = CPTLegendEntry.h; sourceTree = "<group>"; };
		597635A71EA8807500D26A10 /* CPTLimitBand.h */ = {isa = PBXFileReference; fileEncoding = 4; lastKnownFileType = sourcecode.c.h; path = CPTLimitBand.h; sourceTree = "<group>"; };
		597635A81EA8807500D26A10 /* CPTLineCap.h */ = {isa = PBXFileReference; fileEncoding = 4; lastKnownFileType = sourcecode.c.h; path = CPTLineCap.h; sourceTree = "<group>"; };
		597635A91EA8807500D26A10 /* CPTLineStyle.h */ = {isa = PBXFileReference; fileEncoding = 4; lastKnownFileType = sourcecode.c.h; path = CPTLineStyle.h; sourceTree = "<group>"; };
		597635AA1EA8807500D26A10 /* CPTMutableLineStyle.h */ = {isa = PBXFileReference; fileEncoding = 4; lastKnownFileType = sourcecode.c.h; path = CPTMutableLineStyle.h; sourceTree = "<group>"; };
		597635AB1EA8807500D26A10 /* CPTMutableNumericData+TypeConversion.h */ = {isa = PBXFileReference; fileEncoding = 4; lastKnownFileType = sourcecode.c.h; path = "CPTMutableNumericData+TypeConversion.h"; sourceTree = "<group>"; };
		597635AC1EA8807500D26A10 /* CPTMutableNumericData.h */ = {isa = PBXFileReference; fileEncoding = 4; lastKnownFileType = sourcecode.c.h; path = CPTMutableNumericData.h; sourceTree = "<group>"; };
		597635AD1EA8807500D26A10 /* CPTMutablePlotRange.h */ = {isa = PBXFileReference; fileEncoding = 4; lastKnownFileType = sourcecode.c.h; path = CPTMutablePlotRange.h; sourceTree = "<group>"; };
		597635AE1EA8807500D26A10 /* CPTMutableShadow.h */ = {isa = PBXFileReference; fileEncoding = 4; lastKnownFileType = sourcecode.c.h; path = CPTMutableShadow.h; sourceTree = "<group>"; };
		597635AF1EA8807500D26A10 /* CPTMutableTextStyle.h */ = {isa = PBXFileReference; fileEncoding = 4; lastKnownFileType = sourcecode.c.h; path = CPTMutableTextStyle.h; sourceTree = "<group>"; };
		597635B01EA8807500D26A10 /* CPTNumericData+TypeConversion.h */ = {isa = PBXFileReference; fileEncoding = 4; lastKnownFileType = sourcecode.c.h; path = "CPTNumericData+TypeConversion.h"; sourceTree = "<group>"; };
		597635B11EA8807500D26A10 /* CPTNumericData.h */ = {isa = PBXFileReference; fileEncoding = 4; lastKnownFileType = sourcecode.c.h; path = CPTNumericData.h; sourceTree = "<group>"; };
		597635B21EA8807500D26A10 /* CPTNumericDataType.h */ = {isa = PBXFileReference; fileEncoding = 4; lastKnownFileType = sourcecode.c.h; path = CPTNumericDataType.h; sourceTree = "<group>"; };
		597635B31EA8807500D26A10 /* CPTPathExtensions.h */ = {isa = PBXFileReference; fileEncoding = 4; lastKnownFileType = sourcecode.c.h; path = CPTPathExtensions.h; sourceTree = "<group>"; };
		597635B41EA8807500D26A10 /* CPTPieChart.h */ = {isa = PBXFileReference; fileEncoding = 4; lastKnownFileType = sourcecode.c.h; path = CPTPieChart.h; sourceTree = "<group>"; };
		597635B51EA8807500D26A10 /* CPTPlatformSpecificCategories.h */ = {isa = PBXFileReference; fileEncoding = 4; lastKnownFileType = sourcecode.c.h; path = CPTPlatformSpecificCategories.h; sourceTree = "<group>"; };
		597635B61EA8807500D26A10 /* CPTPlatformSpecificDefines.h */ = {isa = PBXFileReference; fileEncoding = 4; lastKnownFileType = sourcecode.c.h; path = CPTPlatformSpecificDefines.h; sourceTree = "<group>"; };
		597635B71EA8807500D26A10 /* CPTPlatformSpecificFunctions.h */ = {isa = PBXFileReference; fileEncoding = 4; lastKnownFileType = sourcecode.c.h; path = CPTPlatformSpecificFunctions.h; sourceTree = "<group>"; };
		597635B81EA8807500D26A10 /* CPTPlot.h */ = {isa = PBXFileReference; fileEncoding = 4; lastKnownFileType = sourcecode.c.h; path = CPTPlot.h; sourceTree = "<group>"; };
		597635B91EA8807500D26A10 /* CPTPlotArea.h */ = {isa = PBXFileReference; fileEncoding = 4; lastKnownFileType = sourcecode.c.h; path = CPTPlotArea.h; sourceTree = "<group>"; };
		597635BA1EA8807500D26A10 /* CPTPlotAreaFrame.h */ = {isa = PBXFileReference; fileEncoding = 4; lastKnownFileType = sourcecode.c.h; path = CPTPlotAreaFrame.h; sourceTree = "<group>"; };
		597635BB1EA8807500D26A10 /* CPTPlotGroup.h */ = {isa = PBXFileReference; fileEncoding = 4; lastKnownFileType = sourcecode.c.h; path = CPTPlotGroup.h; sourceTree = "<group>"; };
		597635BC1EA8807500D26A10 /* CPTPlotRange.h */ = {isa = PBXFileReference; fileEncoding = 4; lastKnownFileType = sourcecode.c.h; path = CPTPlotRange.h; sourceTree = "<group>"; };
		597635BD1EA8807500D26A10 /* CPTPlotSpace.h */ = {isa = PBXFileReference; fileEncoding = 4; lastKnownFileType = sourcecode.c.h; path = CPTPlotSpace.h; sourceTree = "<group>"; };
		597635BE1EA8807500D26A10 /* CPTPlotSpaceAnnotation.h */ = {isa = PBXFileReference; fileEncoding = 4; lastKnownFileType = sourcecode.c.h; path = CPTPlotSpaceAnnotation.h; sourceTree = "<group>"; };
		597635BF1EA8807500D26A10 /* CPTPlotSymbol.h */ = {isa = PBXFileReference; fileEncoding = 4; lastKnownFileType = sourcecode.c.h; path = CPTPlotSymbol.h; sourceTree = "<group>"; };
		597635C01EA8807500D26A10 /* CPTRangePlot.h */ = {isa = PBXFileReference; fileEncoding = 4; lastKnownFileType = sourcecode.c.h; path = CPTRangePlot.h; sourceTree = "<group>"; };
		597635C11EA8807500D26A10 /* CPTResponder.h */ = {isa = PBXFileReference; fileEncoding = 4; lastKnownFileType = sourcecode.c.h; path = CPTResponder.h; sourceTree = "<group>"; };
		597635C21EA8807500D26A10 /* CPTScatterPlot.h */ = {isa = PBXFileReference; fileEncoding = 4; lastKnownFileType = sourcecode.c.h; path = CPTScatterPlot.h; sourceTree = "<group>"; };
		597635C31EA8807500D26A10 /* CPTShadow.h */ = {isa = PBXFileReference; fileEncoding = 4; lastKnownFileType = sourcecode.c.h; path = CPTShadow.h; sourceTree = "<group>"; };
		597635C41EA8807500D26A10 /* CPTTestCase.h */ = {isa = PBXFileReference; fileEncoding = 4; lastKnownFileType = sourcecode.c.h; path = CPTTestCase.h; sourceTree = "<group>"; };
		597635C51EA8807500D26A10 /* CPTTextLayer.h */ = {isa = PBXFileReference; fileEncoding = 4; lastKnownFileType = sourcecode.c.h; path = CPTTextLayer.h; sourceTree = "<group>"; };
		597635C61EA8807500D26A10 /* CPTTextStyle.h */ = {isa = PBXFileReference; fileEncoding = 4; lastKnownFileType = sourcecode.c.h; path = CPTTextStyle.h; sourceTree = "<group>"; };
		597635C71EA8807500D26A10 /* CPTTextStylePlatformSpecific.h */ = {isa = PBXFileReference; fileEncoding = 4; lastKnownFileType = sourcecode.c.h; path = CPTTextStylePlatformSpecific.h; sourceTree = "<group>"; };
		597635C81EA8807500D26A10 /* CPTTheme.h */ = {isa = PBXFileReference; fileEncoding = 4; lastKnownFileType = sourcecode.c.h; path = CPTTheme.h; sourceTree = "<group>"; };
		597635C91EA8807500D26A10 /* CPTTimeFormatter.h */ = {isa = PBXFileReference; fileEncoding = 4; lastKnownFileType = sourcecode.c.h; path = CPTTimeFormatter.h; sourceTree = "<group>"; };
		597635CA1EA8807500D26A10 /* CPTTradingRangePlot.h */ = {isa = PBXFileReference; fileEncoding = 4; lastKnownFileType = sourcecode.c.h; path = CPTTradingRangePlot.h; sourceTree = "<group>"; };
		597635CB1EA8807500D26A10 /* CPTUtilities.h */ = {isa = PBXFileReference; fileEncoding = 4; lastKnownFileType = sourcecode.c.h; path = CPTUtilities.h; sourceTree = "<group>"; };
		597635CC1EA8807500D26A10 /* CPTXYAxis.h */ = {isa = PBXFileReference; fileEncoding = 4; lastKnownFileType = sourcecode.c.h; path = CPTXYAxis.h; sourceTree = "<group>"; };
		597635CD1EA8807500D26A10 /* CPTXYAxisSet.h */ = {isa = PBXFileReference; fileEncoding = 4; lastKnownFileType = sourcecode.c.h; path = CPTXYAxisSet.h; sourceTree = "<group>"; };
		597635CE1EA8807500D26A10 /* CPTXYGraph.h */ = {isa = PBXFileReference; fileEncoding = 4; lastKnownFileType = sourcecode.c.h; path = CPTXYGraph.h; sourceTree = "<group>"; };
		597635CF1EA8807500D26A10 /* CPTXYPlotSpace.h */ = {isa = PBXFileReference; fileEncoding = 4; lastKnownFileType = sourcecode.c.h; path = CPTXYPlotSpace.h; sourceTree = "<group>"; };
		597635D01EA8807500D26A10 /* mainpage.h */ = {isa = PBXFileReference; fileEncoding = 4; lastKnownFileType = sourcecode.c.h; path = mainpage.h; sourceTree = "<group>"; };
		597635D11EA8807500D26A10 /* NSCoderExtensions.h */ = {isa = PBXFileReference; fileEncoding = 4; lastKnownFileType = sourcecode.c.h; path = NSCoderExtensions.h; sourceTree = "<group>"; };
		597635D21EA8807500D26A10 /* NSDecimalNumberExtensions.h */ = {isa = PBXFileReference; fileEncoding = 4; lastKnownFileType = sourcecode.c.h; path = NSDecimalNumberExtensions.h; sourceTree = "<group>"; };
		597635D31EA8807500D26A10 /* NSNumberExtensions.h */ = {isa = PBXFileReference; fileEncoding = 4; lastKnownFileType = sourcecode.c.h; path = NSNumberExtensions.h; sourceTree = "<group>"; };
/* End PBXFileReference section */

/* Begin PBXFrameworksBuildPhase section */
		5976355C1EA8806600D26A10 /* Frameworks */ = {
			isa = PBXFrameworksBuildPhase;
			buildActionMask = 2147483647;
			files = (
				597635D41EA8807500D26A10 /* coreplot1.5.1.a in Frameworks */,
			);
			runOnlyForDeploymentPostprocessing = 0;
		};
		597635751EA8806600D26A10 /* Frameworks */ = {
			isa = PBXFrameworksBuildPhase;
			buildActionMask = 2147483647;
			files = (
			);
			runOnlyForDeploymentPostprocessing = 0;
		};
/* End PBXFrameworksBuildPhase section */

/* Begin PBXGroup section */
		597635561EA8806500D26A10 = {
			isa = PBXGroup;
			children = (
				597635611EA8806600D26A10 /* CorePlot画图 */,
				5976357B1EA8806600D26A10 /* CorePlot画图UITests */,
				597635601EA8806600D26A10 /* Products */,
			);
			sourceTree = "<group>";
		};
		597635601EA8806600D26A10 /* Products */ = {
			isa = PBXGroup;
			children = (
				5976355F1EA8806600D26A10 /* CorePlot画图.app */,
				597635781EA8806600D26A10 /* CorePlot画图UITests.xctest */,
			);
			name = Products;
			sourceTree = "<group>";
		};
		597635611EA8806600D26A10 /* CorePlot画图 */ = {
			isa = PBXGroup;
			children = (
				597635871EA8807500D26A10 /* CorePlotLib */,
				597635651EA8806600D26A10 /* AppDelegate.h */,
				597635661EA8806600D26A10 /* AppDelegate.m */,
				597635681EA8806600D26A10 /* ViewController.h */,
				597635691EA8806600D26A10 /* ViewController.m */,
				5976356B1EA8806600D26A10 /* Main.storyboard */,
				5976356E1EA8806600D26A10 /* Assets.xcassets */,
				597635701EA8806600D26A10 /* LaunchScreen.storyboard */,
				597635731EA8806600D26A10 /* Info.plist */,
				597635621EA8806600D26A10 /* Supporting Files */,
			);
			path = "CorePlot画图";
			sourceTree = "<group>";
		};
		597635621EA8806600D26A10 /* Supporting Files */ = {
			isa = PBXGroup;
			children = (
				597635631EA8806600D26A10 /* main.m */,
			);
			name = "Supporting Files";
			sourceTree = "<group>";
		};
		5976357B1EA8806600D26A10 /* CorePlot画图UITests */ = {
			isa = PBXGroup;
			children = (
				5976357C1EA8806600D26A10 /* CorePlot__UITests.m */,
				5976357E1EA8806600D26A10 /* Info.plist */,
			);
			path = "CorePlot画图UITests";
			sourceTree = "<group>";
		};
		597635871EA8807500D26A10 /* CorePlotLib */ = {
			isa = PBXGroup;
			children = (
				597635881EA8807500D26A10 /* coreplot1.5.1.a */,
				597635891EA8807500D26A10 /* CorePlotHeaders */,
			);
			path = CorePlotLib;
			sourceTree = "<group>";
		};
		597635891EA8807500D26A10 /* CorePlotHeaders */ = {
			isa = PBXGroup;
			children = (
				5976358A1EA8807500D26A10 /* CorePlot-CocoaTouch.h */,
				5976358B1EA8807500D26A10 /* CPTAnnotation.h */,
				5976358C1EA8807500D26A10 /* CPTAnnotationHostLayer.h */,
				5976358D1EA8807500D26A10 /* CPTAxis.h */,
				5976358E1EA8807500D26A10 /* CPTAxisLabel.h */,
				5976358F1EA8807500D26A10 /* CPTAxisLabelGroup.h */,
				597635901EA8807500D26A10 /* CPTAxisSet.h */,
				597635911EA8807500D26A10 /* CPTAxisTitle.h */,
				597635921EA8807500D26A10 /* CPTBarPlot.h */,
				597635931EA8807500D26A10 /* CPTBorderedLayer.h */,
				597635941EA8807500D26A10 /* CPTCalendarFormatter.h */,
				597635951EA8807500D26A10 /* CPTColor.h */,
				597635961EA8807500D26A10 /* CPTColorSpace.h */,
				597635971EA8807500D26A10 /* CPTConstraints.h */,
				597635981EA8807500D26A10 /* CPTDataSourceTestCase.h */,
				597635991EA8807500D26A10 /* CPTDefinitions.h */,
				5976359A1EA8807500D26A10 /* CPTDerivedXYGraph.h */,
				5976359B1EA8807500D26A10 /* CPTExceptions.h */,
				5976359C1EA8807500D26A10 /* CPTFill.h */,
				5976359D1EA8807500D26A10 /* CPTGradient.h */,
				5976359E1EA8807500D26A10 /* CPTGraph.h */,
				5976359F1EA8807500D26A10 /* CPTGraphHostingView.h */,
				597635A01EA8807500D26A10 /* CPTGridLineGroup.h */,
				597635A11EA8807500D26A10 /* CPTGridLines.h */,
				597635A21EA8807500D26A10 /* CPTImage.h */,
				597635A31EA8807500D26A10 /* CPTLayer.h */,
				597635A41EA8807500D26A10 /* CPTLayerAnnotation.h */,
				597635A51EA8807500D26A10 /* CPTLegend.h */,
				597635A61EA8807500D26A10 /* CPTLegendEntry.h */,
				597635A71EA8807500D26A10 /* CPTLimitBand.h */,
				597635A81EA8807500D26A10 /* CPTLineCap.h */,
				597635A91EA8807500D26A10 /* CPTLineStyle.h */,
				597635AA1EA8807500D26A10 /* CPTMutableLineStyle.h */,
				597635AB1EA8807500D26A10 /* CPTMutableNumericData+TypeConversion.h */,
				597635AC1EA8807500D26A10 /* CPTMutableNumericData.h */,
				597635AD1EA8807500D26A10 /* CPTMutablePlotRange.h */,
				597635AE1EA8807500D26A10 /* CPTMutableShadow.h */,
				597635AF1EA8807500D26A10 /* CPTMutableTextStyle.h */,
				597635B01EA8807500D26A10 /* CPTNumericData+TypeConversion.h */,
				597635B11EA8807500D26A10 /* CPTNumericData.h */,
				597635B21EA8807500D26A10 /* CPTNumericDataType.h */,
				597635B31EA8807500D26A10 /* CPTPathExtensions.h */,
				597635B41EA8807500D26A10 /* CPTPieChart.h */,
				597635B51EA8807500D26A10 /* CPTPlatformSpecificCategories.h */,
				597635B61EA8807500D26A10 /* CPTPlatformSpecificDefines.h */,
				597635B71EA8807500D26A10 /* CPTPlatformSpecificFunctions.h */,
				597635B81EA8807500D26A10 /* CPTPlot.h */,
				597635B91EA8807500D26A10 /* CPTPlotArea.h */,
				597635BA1EA8807500D26A10 /* CPTPlotAreaFrame.h */,
				597635BB1EA8807500D26A10 /* CPTPlotGroup.h */,
				597635BC1EA8807500D26A10 /* CPTPlotRange.h */,
				597635BD1EA8807500D26A10 /* CPTPlotSpace.h */,
				597635BE1EA8807500D26A10 /* CPTPlotSpaceAnnotation.h */,
				597635BF1EA8807500D26A10 /* CPTPlotSymbol.h */,
				597635C01EA8807500D26A10 /* CPTRangePlot.h */,
				597635C11EA8807500D26A10 /* CPTResponder.h */,
				597635C21EA8807500D26A10 /* CPTScatterPlot.h */,
				597635C31EA8807500D26A10 /* CPTShadow.h */,
				597635C41EA8807500D26A10 /* CPTTestCase.h */,
				597635C51EA8807500D26A10 /* CPTTextLayer.h */,
				597635C61EA8807500D26A10 /* CPTTextStyle.h */,
				597635C71EA8807500D26A10 /* CPTTextStylePlatformSpecific.h */,
				597635C81EA8807500D26A10 /* CPTTheme.h */,
				597635C91EA8807500D26A10 /* CPTTimeFormatter.h */,
				597635CA1EA8807500D26A10 /* CPTTradingRangePlot.h */,
				597635CB1EA8807500D26A10 /* CPTUtilities.h */,
				597635CC1EA8807500D26A10 /* CPTXYAxis.h */,
				597635CD1EA8807500D26A10 /* CPTXYAxisSet.h */,
				597635CE1EA8807500D26A10 /* CPTXYGraph.h */,
				597635CF1EA8807500D26A10 /* CPTXYPlotSpace.h */,
				597635D01EA8807500D26A10 /* mainpage.h */,
				597635D11EA8807500D26A10 /* NSCoderExtensions.h */,
				597635D21EA8807500D26A10 /* NSDecimalNumberExtensions.h */,
				597635D31EA8807500D26A10 /* NSNumberExtensions.h */,
			);
			path = CorePlotHeaders;
			sourceTree = "<group>";
		};
/* End PBXGroup section */

/* Begin PBXNativeTarget section */
		5976355E1EA8806600D26A10 /* CorePlot画图 */ = {
			isa = PBXNativeTarget;
			buildConfigurationList = 597635811EA8806600D26A10 /* Build configuration list for PBXNativeTarget "CorePlot画图" */;
			buildPhases = (
				5976355B1EA8806600D26A10 /* Sources */,
				5976355C1EA8806600D26A10 /* Frameworks */,
				5976355D1EA8806600D26A10 /* Resources */,
			);
			buildRules = (
			);
			dependencies = (
			);
			name = "CorePlot画图";
			productName = "CorePlot画图";
			productReference = 5976355F1EA8806600D26A10 /* CorePlot画图.app */;
			productType = "com.apple.product-type.application";
		};
		597635771EA8806600D26A10 /* CorePlot画图UITests */ = {
			isa = PBXNativeTarget;
			buildConfigurationList = 597635841EA8806600D26A10 /* Build configuration list for PBXNativeTarget "CorePlot画图UITests" */;
			buildPhases = (
				597635741EA8806600D26A10 /* Sources */,
				597635751EA8806600D26A10 /* Frameworks */,
				597635761EA8806600D26A10 /* Resources */,
			);
			buildRules = (
			);
			dependencies = (
				5976357A1EA8806600D26A10 /* PBXTargetDependency */,
			);
			name = "CorePlot画图UITests";
			productName = "CorePlot画图UITests";
			productReference = 597635781EA8806600D26A10 /* CorePlot画图UITests.xctest */;
			productType = "com.apple.product-type.bundle.ui-testing";
		};
/* End PBXNativeTarget section */

/* Begin PBXProject section */
		597635571EA8806500D26A10 /* Project object */ = {
			isa = PBXProject;
			attributes = {
				LastUpgradeCheck = 0810;
				ORGANIZATIONNAME = Rookie.YXiang;
				TargetAttributes = {
					5976355E1EA8806600D26A10 = {
						CreatedOnToolsVersion = 8.1;
						ProvisioningStyle = Automatic;
					};
					597635771EA8806600D26A10 = {
						CreatedOnToolsVersion = 8.1;
						ProvisioningStyle = Automatic;
						TestTargetID = 5976355E1EA8806600D26A10;
					};
				};
			};
			buildConfigurationList = 5976355A1EA8806500D26A10 /* Build configuration list for PBXProject "CorePlot画图" */;
			compatibilityVersion = "Xcode 3.2";
			developmentRegion = English;
			hasScannedForEncodings = 0;
			knownRegions = (
				en,
				Base,
			);
			mainGroup = 597635561EA8806500D26A10;
			productRefGroup = 597635601EA8806600D26A10 /* Products */;
			projectDirPath = "";
			projectRoot = "";
			targets = (
				5976355E1EA8806600D26A10 /* CorePlot画图 */,
				597635771EA8806600D26A10 /* CorePlot画图UITests */,
			);
		};
/* End PBXProject section */

/* Begin PBXResourcesBuildPhase section */
		5976355D1EA8806600D26A10 /* Resources */ = {
			isa = PBXResourcesBuildPhase;
			buildActionMask = 2147483647;
			files = (
				597635721EA8806600D26A10 /* LaunchScreen.storyboard in Resources */,
				5976356F1EA8806600D26A10 /* Assets.xcassets in Resources */,
				5976356D1EA8806600D26A10 /* Main.storyboard in Resources */,
			);
			runOnlyForDeploymentPostprocessing = 0;
		};
		597635761EA8806600D26A10 /* Resources */ = {
			isa = PBXResourcesBuildPhase;
			buildActionMask = 2147483647;
			files = (
			);
			runOnlyForDeploymentPostprocessing = 0;
		};
/* End PBXResourcesBuildPhase section */

/* Begin PBXSourcesBuildPhase section */
		5976355B1EA8806600D26A10 /* Sources */ = {
			isa = PBXSourcesBuildPhase;
			buildActionMask = 2147483647;
			files = (
				5976356A1EA8806600D26A10 /* ViewController.m in Sources */,
				597635671EA8806600D26A10 /* AppDelegate.m in Sources */,
				597635641EA8806600D26A10 /* main.m in Sources */,
			);
			runOnlyForDeploymentPostprocessing = 0;
		};
		597635741EA8806600D26A10 /* Sources */ = {
			isa = PBXSourcesBuildPhase;
			buildActionMask = 2147483647;
			files = (
				5976357D1EA8806600D26A10 /* CorePlot__UITests.m in Sources */,
			);
			runOnlyForDeploymentPostprocessing = 0;
		};
/* End PBXSourcesBuildPhase section */

/* Begin PBXTargetDependency section */
		5976357A1EA8806600D26A10 /* PBXTargetDependency */ = {
			isa = PBXTargetDependency;
			target = 5976355E1EA8806600D26A10 /* CorePlot画图 */;
			targetProxy = 597635791EA8806600D26A10 /* PBXContainerItemProxy */;
		};
/* End PBXTargetDependency section */

/* Begin PBXVariantGroup section */
		5976356B1EA8806600D26A10 /* Main.storyboard */ = {
			isa = PBXVariantGroup;
			children = (
				5976356C1EA8806600D26A10 /* Base */,
			);
			name = Main.storyboard;
			sourceTree = "<group>";
		};
		597635701EA8806600D26A10 /* LaunchScreen.storyboard */ = {
			isa = PBXVariantGroup;
			children = (
				597635711EA8806600D26A10 /* Base */,
			);
			name = LaunchScreen.storyboard;
			sourceTree = "<group>";
		};
/* End PBXVariantGroup section */

/* Begin XCBuildConfiguration section */
		5976357F1EA8806600D26A10 /* Debug */ = {
			isa = XCBuildConfiguration;
			buildSettings = {
				ALWAYS_SEARCH_USER_PATHS = NO;
				CLANG_ANALYZER_NONNULL = YES;
				CLANG_CXX_LANGUAGE_STANDARD = "gnu++0x";
				CLANG_CXX_LIBRARY = "libc++";
				CLANG_ENABLE_MODULES = YES;
				CLANG_ENABLE_OBJC_ARC = YES;
				CLANG_WARN_BOOL_CONVERSION = YES;
				CLANG_WARN_CONSTANT_CONVERSION = YES;
				CLANG_WARN_DIRECT_OBJC_ISA_USAGE = YES_ERROR;
				CLANG_WARN_DOCUMENTATION_COMMENTS = YES;
				CLANG_WARN_EMPTY_BODY = YES;
				CLANG_WARN_ENUM_CONVERSION = YES;
				CLANG_WARN_INFINITE_RECURSION = YES;
				CLANG_WARN_INT_CONVERSION = YES;
				CLANG_WARN_OBJC_ROOT_CLASS = YES_ERROR;
				CLANG_WARN_SUSPICIOUS_MOVES = YES;
				CLANG_WARN_UNREACHABLE_CODE = YES;
				CLANG_WARN__DUPLICATE_METHOD_MATCH = YES;
				"CODE_SIGN_IDENTITY[sdk=iphoneos*]" = "iPhone Developer";
				COPY_PHASE_STRIP = NO;
				DEBUG_INFORMATION_FORMAT = dwarf;
				ENABLE_STRICT_OBJC_MSGSEND = YES;
				ENABLE_TESTABILITY = YES;
				GCC_C_LANGUAGE_STANDARD = gnu99;
				GCC_DYNAMIC_NO_PIC = NO;
				GCC_NO_COMMON_BLOCKS = YES;
				GCC_OPTIMIZATION_LEVEL = 0;
				GCC_PREPROCESSOR_DEFINITIONS = (
					"DEBUG=1",
					"$(inherited)",
				);
				GCC_WARN_64_TO_32_BIT_CONVERSION = YES;
				GCC_WARN_ABOUT_RETURN_TYPE = YES_ERROR;
				GCC_WARN_UNDECLARED_SELECTOR = YES;
				GCC_WARN_UNINITIALIZED_AUTOS = YES_AGGRESSIVE;
				GCC_WARN_UNUSED_FUNCTION = YES;
				GCC_WARN_UNUSED_VARIABLE = YES;
				IPHONEOS_DEPLOYMENT_TARGET = 10.1;
				MTL_ENABLE_DEBUG_INFO = YES;
				ONLY_ACTIVE_ARCH = YES;
				SDKROOT = iphoneos;
			};
			name = Debug;
		};
		597635801EA8806600D26A10 /* Release */ = {
			isa = XCBuildConfiguration;
			buildSettings = {
				ALWAYS_SEARCH_USER_PATHS = NO;
				CLANG_ANALYZER_NONNULL = YES;
				CLANG_CXX_LANGUAGE_STANDARD = "gnu++0x";
				CLANG_CXX_LIBRARY = "libc++";
				CLANG_ENABLE_MODULES = YES;
				CLANG_ENABLE_OBJC_ARC = YES;
				CLANG_WARN_BOOL_CONVERSION = YES;
				CLANG_WARN_CONSTANT_CONVERSION = YES;
				CLANG_WARN_DIRECT_OBJC_ISA_USAGE = YES_ERROR;
				CLANG_WARN_DOCUMENTATION_COMMENTS = YES;
				CLANG_WARN_EMPTY_BODY = YES;
				CLANG_WARN_ENUM_CONVERSION = YES;
				CLANG_WARN_INFINITE_RECURSION = YES;
				CLANG_WARN_INT_CONVERSION = YES;
				CLANG_WARN_OBJC_ROOT_CLASS = YES_ERROR;
				CLANG_WARN_SUSPICIOUS_MOVES = YES;
				CLANG_WARN_UNREACHABLE_CODE = YES;
				CLANG_WARN__DUPLICATE_METHOD_MATCH = YES;
				"CODE_SIGN_IDENTITY[sdk=iphoneos*]" = "iPhone Developer";
				COPY_PHASE_STRIP = NO;
				DEBUG_INFORMATION_FORMAT = "dwarf-with-dsym";
				ENABLE_NS_ASSERTIONS = NO;
				ENABLE_STRICT_OBJC_MSGSEND = YES;
				GCC_C_LANGUAGE_STANDARD = gnu99;
				GCC_NO_COMMON_BLOCKS = YES;
				GCC_WARN_64_TO_32_BIT_CONVERSION = YES;
				GCC_WARN_ABOUT_RETURN_TYPE = YES_ERROR;
				GCC_WARN_UNDECLARED_SELECTOR = YES;
				GCC_WARN_UNINITIALIZED_AUTOS = YES_AGGRESSIVE;
				GCC_WARN_UNUSED_FUNCTION = YES;
				GCC_WARN_UNUSED_VARIABLE = YES;
				IPHONEOS_DEPLOYMENT_TARGET = 10.1;
				MTL_ENABLE_DEBUG_INFO = NO;
				SDKROOT = iphoneos;
				VALIDATE_PRODUCT = YES;
			};
			name = Release;
		};
		597635821EA8806600D26A10 /* Debug */ = {
			isa = XCBuildConfiguration;
			buildSettings = {
				ASSETCATALOG_COMPILER_APPICON_NAME = AppIcon;
				INFOPLIST_FILE = "CorePlot画图/Info.plist";
				LD_RUNPATH_SEARCH_PATHS = "$(inherited) @executable_path/Frameworks";
				LIBRARY_SEARCH_PATHS = (
					"$(inherited)",
					"$(PROJECT_DIR)/CorePlot画图/CorePlotLib",
				);
				OTHER_LDFLAGS = (
					"-all_load",
					"-Objc",
				);
				PRODUCT_BUNDLE_IDENTIFIER = "Rookie.YXiang.CorePlot--";
				PRODUCT_NAME = "$(TARGET_NAME)";
			};
			name = Debug;
		};
		597635831EA8806600D26A10 /* Release */ = {
			isa = XCBuildConfiguration;
			buildSettings = {
				ASSETCATALOG_COMPILER_APPICON_NAME = AppIcon;
				INFOPLIST_FILE = "CorePlot画图/Info.plist";
				LD_RUNPATH_SEARCH_PATHS = "$(inherited) @executable_path/Frameworks";
				LIBRARY_SEARCH_PATHS = (
					"$(inherited)",
					"$(PROJECT_DIR)/CorePlot画图/CorePlotLib",
				);
				OTHER_LDFLAGS = (
					"-all_load",
					"-Objc",
				);
				PRODUCT_BUNDLE_IDENTIFIER = "Rookie.YXiang.CorePlot--";
				PRODUCT_NAME = "$(TARGET_NAME)";
			};
			name = Release;
		};
		597635851EA8806600D26A10 /* Debug */ = {
			isa = XCBuildConfiguration;
			buildSettings = {
				INFOPLIST_FILE = "CorePlot画图UITests/Info.plist";
				LD_RUNPATH_SEARCH_PATHS = "$(inherited) @executable_path/Frameworks @loader_path/Frameworks";
				PRODUCT_BUNDLE_IDENTIFIER = "Rookie.YXiang.CorePlot--UITests";
				PRODUCT_NAME = "$(TARGET_NAME)";
				TEST_TARGET_NAME = "CorePlot画图";
			};
			name = Debug;
		};
		597635861EA8806600D26A10 /* Release */ = {
			isa = XCBuildConfiguration;
			buildSettings = {
				INFOPLIST_FILE = "CorePlot画图UITests/Info.plist";
				LD_RUNPATH_SEARCH_PATHS = "$(inherited) @executable_path/Frameworks @loader_path/Frameworks";
				PRODUCT_BUNDLE_IDENTIFIER = "Rookie.YXiang.CorePlot--UITests";
				PRODUCT_NAME = "$(TARGET_NAME)";
				TEST_TARGET_NAME = "CorePlot画图";
			};
			name = Release;
		};
/* End XCBuildConfiguration section */

/* Begin XCConfigurationList section */
		5976355A1EA8806500D26A10 /* Build configuration list for PBXProject "CorePlot画图" */ = {
			isa = XCConfigurationList;
			buildConfigurations = (
				5976357F1EA8806600D26A10 /* Debug */,
				597635801EA8806600D26A10 /* Release */,
			);
			defaultConfigurationIsVisible = 0;
			defaultConfigurationName = Release;
		};
		597635811EA8806600D26A10 /* Build configuration list for PBXNativeTarget "CorePlot画图" */ = {
			isa = XCConfigurationList;
			buildConfigurations = (
				597635821EA8806600D26A10 /* Debug */,
				597635831EA8806600D26A10 /* Release */,
			);
			defaultConfigurationIsVisible = 0;
			defaultConfigurationName = Release;
		};
		597635841EA8806600D26A10 /* Build configuration list for PBXNativeTarget "CorePlot画图UITests" */ = {
			isa = XCConfigurationList;
			buildConfigurations = (
				597635851EA8806600D26A10 /* Debug */,
				597635861EA8806600D26A10 /* Release */,
			);
			defaultConfigurationIsVisible = 0;
			defaultConfigurationName = Release;
		};
/* End XCConfigurationList section */
	};
	rootObject = 597635571EA8806500D26A10 /* Project object */;
}
